
Microsoft Visual Studio Solution File, Format Version 12.00
# Visual Studio 2015
Project("{FAE04EC0-301F-11D3-BF4B-00C04F79EFBC}") = "1v100 Prototype", "1v100 Prototype.csproj", "{C68B6DBC-BC48-6C6E-F352-0B576E7C64EA}"
EndProject
Global
	GlobalSection(SolutionConfigurationPlatforms) = preSolution
		Debug|Any CPU = Debug|Any CPU
		Release|Any CPU = Release|Any CPU
	EndGlobalSection
	GlobalSection(ProjectConfigurationPlatforms) = postSolution
		{C68B6DBC-BC48-6C6E-F352-0B576E7C64EA}.Debug|Any CPU.ActiveCfg = Debug|Any CPU
		{C68B6DBC-BC48-6C6E-F352-0B576E7C64EA}.Debug|Any CPU.Build.0 = Debug|Any CPU
		{C68B6DBC-BC48-6C6E-F352-0B576E7C64EA}.Release|Any CPU.ActiveCfg = Release|Any CPU
		{C68B6DBC-BC48-6C6E-F352-0B576E7C64EA}.Release|Any CPU.Build.0 = Release|Any CPU
	EndGlobalSection
	GlobalSection(SolutionProperties) = preSolution
		HideSolutionNode = FALSE
	EndGlobalSection
EndGlobal
